
Microsoft Visual Studio Solution File, Format Version 12.00
# Visual Studio 15
VisualStudioVersion = 15.0.28307.168
MinimumVisualStudioVersion = 10.0.40219.1
Project("{9A19103F-16F7-4668-BE54-9A1E7A4F7556}") = "VolvoCaminhoes", "VolvoCaminhoes\VolvoCaminhoes.csproj", "{AFBC12AA-F66E-4684-B971-D690B7454726}"
EndProject
Global
	GlobalSection(SolutionConfigurationPlatforms) = preSolution
		Debug|Any CPU = Debug|Any CPU
		Release|Any CPU = Release|Any CPU
	EndGlobalSection
	GlobalSection(ProjectConfigurationPlatforms) = postSolution
		{AFBC12AA-F66E-4684-B971-D690B7454726}.Debug|Any CPU.ActiveCfg = Debug|Any CPU
		{AFBC12AA-F66E-4684-B971-D690B7454726}.Debug|Any CPU.Build.0 = Debug|Any CPU
		{AFBC12AA-F66E-4684-B971-D690B7454726}.Release|Any CPU.ActiveCfg = Release|Any CPU
		{AFBC12AA-F66E-4684-B971-D690B7454726}.Release|Any CPU.Build.0 = Release|Any CPU
	EndGlobalSection
	GlobalSection(SolutionProperties) = preSolution
		HideSolutionNode = FALSE
	EndGlobalSection
	GlobalSection(ExtensibilityGlobals) = postSolution
		SolutionGuid = {A8CAF6D8-FE17-4858-98ED-CA67095D4EA1}
	EndGlobalSection
EndGlobal
